
Microsoft Visual Studio Solution File, Format Version 12.00
# Visual Studio 15
VisualStudioVersion = 15.0.27428.2043
MinimumVisualStudioVersion = 10.0.40219.1
Project("{FAE04EC0-301F-11D3-BF4B-00C04F79EFBC}") = "AzureServiceBusTopics", "AzureServiceBusTopics\AzureServiceBusTopics.csproj", "{9FB3E337-E1FA-4B6B-89B3-460A114F66F3}"
EndProject
Global
	GlobalSection(SolutionConfigurationPlatforms) = preSolution
		Debug|Any CPU = Debug|Any CPU
		Release|Any CPU = Release|Any CPU
	EndGlobalSection
	GlobalSection(ProjectConfigurationPlatforms) = postSolution
		{9FB3E337-E1FA-4B6B-89B3-460A114F66F3}.Debug|Any CPU.ActiveCfg = Debug|Any CPU
		{9FB3E337-E1FA-4B6B-89B3-460A114F66F3}.Debug|Any CPU.Build.0 = Debug|Any CPU
		{9FB3E337-E1FA-4B6B-89B3-460A114F66F3}.Release|Any CPU.ActiveCfg = Release|Any CPU
		{9FB3E337-E1FA-4B6B-89B3-460A114F66F3}.Release|Any CPU.Build.0 = Release|Any CPU
	EndGlobalSection
	GlobalSection(SolutionProperties) = preSolution
		HideSolutionNode = FALSE
	EndGlobalSection
	GlobalSection(ExtensibilityGlobals) = postSolution
		SolutionGuid = {6AD27238-3634-4C02-A36B-A1A494F5DBB1}
	EndGlobalSection
EndGlobal
